{
  "name": "mavlink-openmct",
  "version": "1.0.1",
  "lockfileVersion": 1,
  "requires": true,
  "dependencies": {
    "@ifrunistuttgart/node-mavlink": {
      "version": "0.1.2",
      "resolved": "https://registry.npmjs.org/@ifrunistuttgart/node-mavlink/-/node-mavlink-0.1.2.tgz",
      "integrity": "sha512-3MBvnbPVV0CgU7bJp9H5Hwga52IYfh9vE/pedFhXNVXHlOJqyYDyIzmUj0S9tQdXfBPaLRUwohEEFGCZL5BF2Q==",
      "requires": {
        "@types/node": "^11.11.6"
      }
    },
    "@types/node": {
      "version": "11.15.20",
      "resolved": "https://registry.npmjs.org/@types/node/-/node-11.15.20.tgz",
      "integrity": "sha512-DY2QwdrBqNlsxdMehwzUtSsWHgYYPLVCAuXvOcu3wkzYmchbRunQ7OEZFOrmFoBLfA1ysz2Ypr6vtNP9WQkUaQ=="
    },
    "async-limiter": {
      "version": "1.0.1",
      "resolved": "https://registry.npmjs.org/async-limiter/-/async-limiter-1.0.1.tgz",
      "integrity": "sha512-csOlWGAcRFJaI6m+F2WKdnMKr4HhdhFVBk0H/QbJFMCr+uO2kwohwXQPxw/9OCxp05r5ghVBFSyioixx3gfkNQ=="
    },
    "express-ws": {
      "version": "4.0.0",
      "resolved": "https://registry.npmjs.org/express-ws/-/express-ws-4.0.0.tgz",
      "integrity": "sha512-KEyUw8AwRET2iFjFsI1EJQrJ/fHeGiJtgpYgEWG3yDv4l/To/m3a2GaYfeGyB3lsWdvbesjF5XCMx+SVBgAAYw==",
      "requires": {
        "ws": "^5.2.0"
      }
    },
    "node-mavlink": {
      "version": "npm:@ifrunistuttgart/node-mavlink@0.1.2",
      "resolved": "https://registry.npmjs.org/@ifrunistuttgart/node-mavlink/-/node-mavlink-0.1.2.tgz",
      "integrity": "sha512-3MBvnbPVV0CgU7bJp9H5Hwga52IYfh9vE/pedFhXNVXHlOJqyYDyIzmUj0S9tQdXfBPaLRUwohEEFGCZL5BF2Q==",
      "requires": {
        "@types/node": "^11.11.6"
      }
    },
    "typescript": {
      "version": "npm:typescript@4.1.2",
      "resolved": "https://registry.npmjs.org/typescript/-/typescript-4.1.2.tgz",
      "integrity": "sha512-thGloWsGH3SOxv1SoY7QojKi0tc+8FnOmiarEGMbd/lar7QOEd3hvlx3Fp5y6FlDUGl9L+pd4n2e+oToGMmhRQ=="
    },
    "ws": {
      "version": "5.2.2",
      "resolved": "https://registry.npmjs.org/ws/-/ws-5.2.2.tgz",
      "integrity": "sha512-jaHFD6PFv6UgoIVda6qZllptQsMlDEJkTQcybzzXDYM1XO9Y8em691FGMPmM46WGyLU4z9KMgQN+qrux/nhlHA==",
      "requires": {
        "async-limiter": "~1.0.0"
      }
    }
  }
}
