{
  "name": "mavlink-openmct",
  "version": "1.0.0",
  "lockfileVersion": 1,
  "requires": true,
  "dependencies": {
    "@ifrunistuttgart/node-mavlink": {
      "version": "0.1.2",
      "resolved": "https://registry.npmjs.org/@ifrunistuttgart/node-mavlink/-/node-mavlink-0.1.2.tgz",
      "integrity": "sha512-3MBvnbPVV0CgU7bJp9H5Hwga52IYfh9vE/pedFhXNVXHlOJqyYDyIzmUj0S9tQdXfBPaLRUwohEEFGCZL5BF2Q==",
      "requires": {
        "@types/node": "^11.11.6"
      }
    },
    "@types/node": {
      "version": "11.15.20",
      "resolved": "https://registry.npmjs.org/@types/node/-/node-11.15.20.tgz",
      "integrity": "sha512-DY2QwdrBqNlsxdMehwzUtSsWHgYYPLVCAuXvOcu3wkzYmchbRunQ7OEZFOrmFoBLfA1ysz2Ypr6vtNP9WQkUaQ=="
    },
    "typescript": {
      "version": "3.9.7",
      "resolved": "https://registry.npmjs.org/typescript/-/typescript-3.9.7.tgz",
      "integrity": "sha512-BLbiRkiBzAwsjut4x/dsibSTB6yWpwT5qWmC2OfuCg3GgVQCSgMs4vEctYPhsaGtd0AeuuHMkjZ2h2WG8MSzRw==",
      "dev": true
    }
  }
}
